lockfileVersion: '9.0'

settings:
  autoInstallPeers: true
  excludeLinksFromLockfile: false

importers:

  .:
    dependencies:
      playwright:
        specifier: 1.62.1
        version: 1.62.1

packages:

  fsevents@2.3.2:
    resolution: {integrity: sha1-ilJveLj99GI7cJ4Ll1xSwkwC/Ro=, tarball: http://registry.m.jd.com/fsevents/download/fsevents-2.3.2.tgz}
    engines: {node: ^8.16.0 || ^10.6.0 || >=11.0.0}
    os: [darwin]

  playwright-core@1.62.1:
    resolution: {integrity: sha1-Eg9noZGBv9GDxg+pA8DZkzC1Z4U=, tarball: http://registry.m.jd.com/playwright-core/download/playwright-core-1.62.1.tgz}
    engines: {node: '>=20'}
    hasBin: true

  playwright@1.62.1:
    resolution: {integrity: sha1-hEe2dV6K7IWjy3IHyCPj7S/GZwA=, tarball: http://registry.m.jd.com/playwright/download/playwright-1.62.1.tgz}
    engines: {node: '>=20'}
    hasBin: true

snapshots:

  fsevents@2.3.2:
    optional: true

  playwright-core@1.62.1: {}

  playwright@1.62.1:
    dependencies:
      playwright-core: 1.62.1
    optionalDependencies:
      fsevents: 2.3.2
